PODS:
  - Flutter (1.0.0)
  - flutter_photokit (0.0.1):
    - Flutter
    - PromiseKit (~> 6.8)
    - SwiftProtobuf (~> 1.4)
  - PromiseKit (6.13.1):
    - PromiseKit/CorePromise (= 6.13.1)
    - PromiseKit/Foundation (= 6.13.1)
    - PromiseKit/UIKit (= 6.13.1)
  - PromiseKit/CorePromise (6.13.1)
  - PromiseKit/Foundation (6.13.1):
    - PromiseKit/CorePromise
  - PromiseKit/UIKit (6.13.1):
    - PromiseKit/CorePromise
  - SwiftProtobuf (1.8.0)

DEPENDENCIES:
  - Flutter (from `Flutter`)
  - flutter_photokit (from `.symlinks/plugins/flutter_photokit/ios`)

SPEC REPOS:
  trunk:
    - PromiseKit
    - SwiftProtobuf

EXTERNAL SOURCES:
  Flutter:
    :path: Flutter
  flutter_photokit:
    :path: ".symlinks/plugins/flutter_photokit/ios"

SPEC CHECKSUMS:
  Flutter: 0e3d915762c693b495b44d77113d4970485de6ec
  flutter_photokit: a10767351b7a371cafbb4b7030aff6ddaae96a69
  PromiseKit: 28fda91c973cc377875d8c0ea4f973013c05b6db
  SwiftProtobuf: 2cbd9409689b7df170d82a92a33443c8e3e14a70

PODFILE CHECKSUM: c34e2287a9ccaa606aeceab922830efb9a6ff69a

COCOAPODS: 1.8.4
